// !$*UTF8*$!
{
	archiveVersion = 1;
	classes = {
	};
	objectVersion = 51;
	objects = {

/* Begin PBXBuildFile section */
		210F081A23757A8E00164DF8 /* CategoryViewController.swift in Sources */ = {isa = PBXBuildFile; fileRef = 210F081923757A8E00164DF8 /* CategoryViewController.swift */; };
		216A1A7C23964C040085FDCF /* SwipeTableViewController.swift in Sources */ = {isa = PBXBuildFile; fileRef = 216A1A7B23964C040085FDCF /* SwipeTableViewController.swift */; };
		21A361D22382AE13007635FD /* Item.swift in Sources */ = {isa = PBXBuildFile; fileRef = 21A361D12382AE13007635FD /* Item.swift */; };
		21A361D42382AE1E007635FD /* Category.swift in Sources */ = {isa = PBXBuildFile; fileRef = 21A361D32382AE1E007635FD /* Category.swift */; };
		21BAABD72334E4BF007429CA /* AppDelegate.swift in Sources */ = {isa = PBXBuildFile; fileRef = 21BAABD62334E4BF007429CA /* AppDelegate.swift */; };
		21BAABD92334E4BF007429CA /* TodoListViewController.swift in Sources */ = {isa = PBXBuildFile; fileRef = 21BAABD82334E4BF007429CA /* TodoListViewController.swift */; };
		21BAABDC2334E4BF007429CA /* Main.storyboard in Resources */ = {isa = PBXBuildFile; fileRef = 21BAABDA2334E4BF007429CA /* Main.storyboard */; };
		21BAABDE2334E4BF007429CA /* Assets.xcassets in Resources */ = {isa = PBXBuildFile; fileRef = 21BAABDD2334E4BF007429CA /* Assets.xcassets */; };
		21BAABE12334E4BF007429CA /* LaunchScreen.storyboard in Resources */ = {isa = PBXBuildFile; fileRef = 21BAABDF2334E4BF007429CA /* LaunchScreen.storyboard */; };
		B2503EC5CE1EF55AE1763ADB /* Pods_18_Todoey.framework in Frameworks */ = {isa = PBXBuildFile; fileRef = F8412225369716B2CF59DF53 /* Pods_18_Todoey.framework */; };
/* End PBXBuildFile section */

/* Begin PBXFileReference section */
		210F081923757A8E00164DF8 /* CategoryViewController.swift */ = {isa = PBXFileReference; lastKnownFileType = sourcecode.swift; path = CategoryViewController.swift; sourceTree = "<group>"; };
		216A1A7B23964C040085FDCF /* SwipeTableViewController.swift */ = {isa = PBXFileReference; lastKnownFileType = sourcecode.swift; path = SwipeTableViewController.swift; sourceTree = "<group>"; };
		21A361D12382AE13007635FD /* Item.swift */ = {isa = PBXFileReference; lastKnownFileType = sourcecode.swift; path = Item.swift; sourceTree = "<group>"; };
		21A361D32382AE1E007635FD /* Category.swift */ = {isa = PBXFileReference; lastKnownFileType = sourcecode.swift; path = Category.swift; sourceTree = "<group>"; };
		21BAABD32334E4BF007429CA /* 18-Todoey.app */ = {isa = PBXFileReference; explicitFileType = wrapper.application; includeInIndex = 0; path = "18-Todoey.app"; sourceTree = BUILT_PRODUCTS_DIR; };
		21BAABD62334E4BF007429CA /* AppDelegate.swift */ = {isa = PBXFileReference; lastKnownFileType = sourcecode.swift; path = AppDelegate.swift; sourceTree = "<group>"; };
		21BAABD82334E4BF007429CA /* TodoListViewController.swift */ = {isa = PBXFileReference; lastKnownFileType = sourcecode.swift; path = TodoListViewController.swift; sourceTree = "<group>"; };
		21BAABDB2334E4BF007429CA /* Base */ = {isa = PBXFileReference; lastKnownFileType = file.storyboard; name = Base; path = Base.lproj/Main.storyboard; sourceTree = "<group>"; };
		21BAABDD2334E4BF007429CA /* Assets.xcassets */ = {isa = PBXFileReference; lastKnownFileType = folder.assetcatalog; path = Assets.xcassets; sourceTree = "<group>"; };
		21BAABE02334E4BF007429CA /* Base */ = {isa = PBXFileReference; lastKnownFileType = file.storyboard; name = Base; path = Base.lproj/LaunchScreen.storyboard; sourceTree = "<group>"; };
		21BAABE22334E4BF007429CA /* Info.plist */ = {isa = PBXFileReference; lastKnownFileType = text.plist.xml; path = Info.plist; sourceTree = "<group>"; };
		638F538945CEF120199C568A /* Pods-18-Todoey.release.xcconfig */ = {isa = PBXFileReference; includeInIndex = 1; lastKnownFileType = text.xcconfig; name = "Pods-18-Todoey.release.xcconfig"; path = "Target Support Files/Pods-18-Todoey/Pods-18-Todoey.release.xcconfig"; sourceTree = "<group>"; };
		E3F7D2A6F54E1C61C683DA27 /* Pods-18-Todoey.debug.xcconfig */ = {isa = PBXFileReference; includeInIndex = 1; lastKnownFileType = text.xcconfig; name = "Pods-18-Todoey.debug.xcconfig"; path = "Target Support Files/Pods-18-Todoey/Pods-18-Todoey.debug.xcconfig"; sourceTree = "<group>"; };
		F8412225369716B2CF59DF53 /* Pods_18_Todoey.framework */ = {isa = PBXFileReference; explicitFileType = wrapper.framework; includeInIndex = 0; path = Pods_18_Todoey.framework; sourceTree = BUILT_PRODUCTS_DIR; };
/* End PBXFileReference section */

/* Begin PBXFrameworksBuildPhase section */
		21BAABD02334E4BF007429CA /* Frameworks */ = {
			isa = PBXFrameworksBuildPhase;
			buildActionMask = 2147483647;
			files = (
				B2503EC5CE1EF55AE1763ADB /* Pods_18_Todoey.framework in Frameworks */,
			);
			runOnlyForDeploymentPostprocessing = 0;
		};
/* End PBXFrameworksBuildPhase section */

/* Begin PBXGroup section */
		2118B06C233E06F20032D23C /* Data Model */ = {
			isa = PBXGroup;
			children = (
				21A361D12382AE13007635FD /* Item.swift */,
				21A361D32382AE1E007635FD /* Category.swift */,
			);
			path = "Data Model";
			sourceTree = "<group>";
		};
		2118B06D233E07390032D23C /* Controller */ = {
			isa = PBXGroup;
			children = (
				210F081923757A8E00164DF8 /* CategoryViewController.swift */,
				216A1A7B23964C040085FDCF /* SwipeTableViewController.swift */,
				21BAABD82334E4BF007429CA /* TodoListViewController.swift */,
			);
			path = Controller;
			sourceTree = "<group>";
		};
		2118B070233E07790032D23C /* Views */ = {
			isa = PBXGroup;
			children = (
				21BAABDA2334E4BF007429CA /* Main.storyboard */,
			);
			path = Views;
			sourceTree = "<group>";
		};
		2118B071233E079A0032D23C /* Supporting Files */ = {
			isa = PBXGroup;
			children = (
				21BAABDD2334E4BF007429CA /* Assets.xcassets */,
				21BAABDF2334E4BF007429CA /* LaunchScreen.storyboard */,
			);
			path = "Supporting Files";
			sourceTree = "<group>";
		};
		21BAABCA2334E4BF007429CA = {
			isa = PBXGroup;
			children = (
				21BAABD52334E4BF007429CA /* 18-Todoey */,
				21BAABD42334E4BF007429CA /* Products */,
				72CBF7E8CD2B5C071ABF1515 /* Pods */,
				A1CB1566A7A95BDC6B2111DE /* Frameworks */,
			);
			sourceTree = "<group>";
		};
		21BAABD42334E4BF007429CA /* Products */ = {
			isa = PBXGroup;
			children = (
				21BAABD32334E4BF007429CA /* 18-Todoey.app */,
			);
			name = Products;
			sourceTree = "<group>";
		};
		21BAABD52334E4BF007429CA /* 18-Todoey */ = {
			isa = PBXGroup;
			children = (
				21BAABD62334E4BF007429CA /* AppDelegate.swift */,
				2118B06C233E06F20032D23C /* Data Model */,
				2118B06D233E07390032D23C /* Controller */,
				2118B070233E07790032D23C /* Views */,
				2118B071233E079A0032D23C /* Supporting Files */,
				21BAABE22334E4BF007429CA /* Info.plist */,
			);
			path = "18-Todoey";
			sourceTree = "<group>";
		};
		72CBF7E8CD2B5C071ABF1515 /* Pods */ = {
			isa = PBXGroup;
			children = (
				E3F7D2A6F54E1C61C683DA27 /* Pods-18-Todoey.debug.xcconfig */,
				638F538945CEF120199C568A /* Pods-18-Todoey.release.xcconfig */,
			);
			path = Pods;
			sourceTree = "<group>";
		};
		A1CB1566A7A95BDC6B2111DE /* Frameworks */ = {
			isa = PBXGroup;
			children = (
				F8412225369716B2CF59DF53 /* Pods_18_Todoey.framework */,
			);
			name = Frameworks;
			sourceTree = "<group>";
		};
/* End PBXGroup section */

/* Begin PBXNativeTarget section */
		21BAABD22334E4BF007429CA /* 18-Todoey */ = {
			isa = PBXNativeTarget;
			buildConfigurationList = 21BAABE52334E4BF007429CA /* Build configuration list for PBXNativeTarget "18-Todoey" */;
			buildPhases = (
				852B46A3C502479FC0ADC311 /* [CP] Check Pods Manifest.lock */,
				21BAABCF2334E4BF007429CA /* Sources */,
				21BAABD02334E4BF007429CA /* Frameworks */,
				21BAABD12334E4BF007429CA /* Resources */,
				8BABE154CA1BE54D86785D8F /* [CP] Embed Pods Frameworks */,
			);
			buildRules = (
			);
			dependencies = (
			);
			name = "18-Todoey";
			productName = "18-Todoey";
			productReference = 21BAABD32334E4BF007429CA /* 18-Todoey.app */;
			productType = "com.apple.product-type.application";
		};
/* End PBXNativeTarget section */

/* Begin PBXProject section */
		21BAABCB2334E4BF007429CA /* Project object */ = {
			isa = PBXProject;
			attributes = {
				LastSwiftUpdateCheck = 1030;
				LastUpgradeCheck = 1030;
				ORGANIZATIONNAME = "Stefanie Neubert";
				TargetAttributes = {
					21BAABD22334E4BF007429CA = {
						CreatedOnToolsVersion = 10.3;
					};
				};
			};
			buildConfigurationList = 21BAABCE2334E4BF007429CA /* Build configuration list for PBXProject "18-Todoey" */;
			compatibilityVersion = "Xcode 9.3";
			developmentRegion = en;
			hasScannedForEncodings = 0;
			knownRegions = (
				en,
				Base,
			);
			mainGroup = 21BAABCA2334E4BF007429CA;
			productRefGroup = 21BAABD42334E4BF007429CA /* Products */;
			projectDirPath = "";
			projectRoot = "";
			targets = (
				21BAABD22334E4BF007429CA /* 18-Todoey */,
			);
		};
/* End PBXProject section */

/* Begin PBXResourcesBuildPhase section */
		21BAABD12334E4BF007429CA /* Resources */ = {
			isa = PBXResourcesBuildPhase;
			buildActionMask = 2147483647;
			files = (
				21BAABE12334E4BF007429CA /* LaunchScreen.storyboard in Resources */,
				21BAABDE2334E4BF007429CA /* Assets.xcassets in Resources */,
				21BAABDC2334E4BF007429CA /* Main.storyboard in Resources */,
			);
			runOnlyForDeploymentPostprocessing = 0;
		};
/* End PBXResourcesBuildPhase section */

/* Begin PBXShellScriptBuildPhase section */
		852B46A3C502479FC0ADC311 /* [CP] Check Pods Manifest.lock */ = {
			isa = PBXShellScriptBuildPhase;
			buildActionMask = 2147483647;
			files = (
			);
			inputFileListPaths = (
			);
			inputPaths = (
				"${PODS_PODFILE_DIR_PATH}/Podfile.lock",
				"${PODS_ROOT}/Manifest.lock",
			);
			name = "[CP] Check Pods Manifest.lock";
			outputFileListPaths = (
			);
			outputPaths = (
				"$(DERIVED_FILE_DIR)/Pods-18-Todoey-checkManifestLockResult.txt",
			);
			runOnlyForDeploymentPostprocessing = 0;
			shellPath = /bin/sh;
			shellScript = "diff \"${PODS_PODFILE_DIR_PATH}/Podfile.lock\" \"${PODS_ROOT}/Manifest.lock\" > /dev/null\nif [ $? != 0 ] ; then\n    # print error to STDERR\n    echo \"error: The sandbox is not in sync with the Podfile.lock. Run 'pod install' or update your CocoaPods installation.\" >&2\n    exit 1\nfi\n# This output is used by Xcode 'outputs' to avoid re-running this script phase.\necho \"SUCCESS\" > \"${SCRIPT_OUTPUT_FILE_0}\"\n";
			showEnvVarsInLog = 0;
		};
		8BABE154CA1BE54D86785D8F /* [CP] Embed Pods Frameworks */ = {
			isa = PBXShellScriptBuildPhase;
			buildActionMask = 2147483647;
			files = (
			);
			inputFileListPaths = (
				"${PODS_ROOT}/Target Support Files/Pods-18-Todoey/Pods-18-Todoey-frameworks-${CONFIGURATION}-input-files.xcfilelist",
			);
			name = "[CP] Embed Pods Frameworks";
			outputFileListPaths = (
				"${PODS_ROOT}/Target Support Files/Pods-18-Todoey/Pods-18-Todoey-frameworks-${CONFIGURATION}-output-files.xcfilelist",
			);
			runOnlyForDeploymentPostprocessing = 0;
			shellPath = /bin/sh;
			shellScript = "\"${PODS_ROOT}/Target Support Files/Pods-18-Todoey/Pods-18-Todoey-frameworks.sh\"\n";
			showEnvVarsInLog = 0;
		};
/* End PBXShellScriptBuildPhase section */

/* Begin PBXSourcesBuildPhase section */
		21BAABCF2334E4BF007429CA /* Sources */ = {
			isa = PBXSourcesBuildPhase;
			buildActionMask = 2147483647;
			files = (
				210F081A23757A8E00164DF8 /* CategoryViewController.swift in Sources */,
				21BAABD92334E4BF007429CA /* TodoListViewController.swift in Sources */,
				21A361D22382AE13007635FD /* Item.swift in Sources */,
				21BAABD72334E4BF007429CA /* AppDelegate.swift in Sources */,
				216A1A7C23964C040085FDCF /* SwipeTableViewController.swift in Sources */,
				21A361D42382AE1E007635FD /* Category.swift in Sources */,
			);
			runOnlyForDeploymentPostprocessing = 0;
		};
/* End PBXSourcesBuildPhase section */

/* Begin PBXVariantGroup section */
		21BAABDA2334E4BF007429CA /* Main.storyboard */ = {
			isa = PBXVariantGroup;
			children = (
				21BAABDB2334E4BF007429CA /* Base */,
			);
			name = Main.storyboard;
			sourceTree = "<group>";
		};
		21BAABDF2334E4BF007429CA /* LaunchScreen.storyboard */ = {
			isa = PBXVariantGroup;
			children = (
				21BAABE02334E4BF007429CA /* Base */,
			);
			name = LaunchScreen.storyboard;
			sourceTree = "<group>";
		};
/* End PBXVariantGroup section */

/* Begin XCBuildConfiguration section */
		21BAABE32334E4BF007429CA /* Debug */ = {
			isa = XCBuildConfiguration;
			buildSettings = {
				ALWAYS_SEARCH_USER_PATHS = NO;
				CLANG_ANALYZER_NONNULL = YES;
				CLANG_ANALYZER_NUMBER_OBJECT_CONVERSION = YES_AGGRESSIVE;
				CLANG_CXX_LANGUAGE_STANDARD = "gnu++14";
				CLANG_CXX_LIBRARY = "libc++";
				CLANG_ENABLE_MODULES = YES;
				CLANG_ENABLE_OBJC_ARC = YES;
				CLANG_ENABLE_OBJC_WEAK = YES;
				CLANG_WARN_BLOCK_CAPTURE_AUTORELEASING = YES;
				CLANG_WARN_BOOL_CONVERSION = YES;
				CLANG_WARN_COMMA = YES;
				CLANG_WARN_CONSTANT_CONVERSION = YES;
				CLANG_WARN_DEPRECATED_OBJC_IMPLEMENTATIONS = YES;
				CLANG_WARN_DIRECT_OBJC_ISA_USAGE = YES_ERROR;
				CLANG_WARN_DOCUMENTATION_COMMENTS = YES;
				CLANG_WARN_EMPTY_BODY = YES;
				CLANG_WARN_ENUM_CONVERSION = YES;
				CLANG_WARN_INFINITE_RECURSION = YES;
				CLANG_WARN_INT_CONVERSION = YES;
				CLANG_WARN_NON_LITERAL_NULL_CONVERSION = YES;
				CLANG_WARN_OBJC_IMPLICIT_RETAIN_SELF = YES;
				CLANG_WARN_OBJC_LITERAL_CONVERSION = YES;
				CLANG_WARN_OBJC_ROOT_CLASS = YES_ERROR;
				CLANG_WARN_RANGE_LOOP_ANALYSIS = YES;
				CLANG_WARN_STRICT_PROTOTYPES = YES;
				CLANG_WARN_SUSPICIOUS_MOVE = YES;
				CLANG_WARN_UNGUARDED_AVAILABILITY = YES_AGGRESSIVE;
				CLANG_WARN_UNREACHABLE_CODE = YES;
				CLANG_WARN__DUPLICATE_METHOD_MATCH = YES;
				CODE_SIGN_IDENTITY = "iPhone Developer";
				COPY_PHASE_STRIP = NO;
				DEBUG_INFORMATION_FORMAT = dwarf;
				ENABLE_STRICT_OBJC_MSGSEND = YES;
				ENABLE_TESTABILITY = YES;
				GCC_C_LANGUAGE_STANDARD = gnu11;
				GCC_DYNAMIC_NO_PIC = NO;
				GCC_NO_COMMON_BLOCKS = YES;
				GCC_OPTIMIZATION_LEVEL = 0;
				GCC_PREPROCESSOR_DEFINITIONS = (
					"DEBUG=1",
					"$(inherited)",
				);
				GCC_WARN_64_TO_32_BIT_CONVERSION = YES;
				GCC_WARN_ABOUT_RETURN_TYPE = YES_ERROR;
				GCC_WARN_UNDECLARED_SELECTOR = YES;
				GCC_WARN_UNINITIALIZED_AUTOS = YES_AGGRESSIVE;
				GCC_WARN_UNUSED_FUNCTION = YES;
				GCC_WARN_UNUSED_VARIABLE = YES;
				IPHONEOS_DEPLOYMENT_TARGET = 12.4;
				MTL_ENABLE_DEBUG_INFO = INCLUDE_SOURCE;
				MTL_FAST_MATH = YES;
				ONLY_ACTIVE_ARCH = YES;
				SDKROOT = iphoneos;
				SWIFT_ACTIVE_COMPILATION_CONDITIONS = DEBUG;
				SWIFT_OPTIMIZATION_LEVEL = "-Onone";
			};
			name = Debug;
		};
		21BAABE42334E4BF007429CA /* Release */ = {
			isa = XCBuildConfiguration;
			buildSettings = {
				ALWAYS_SEARCH_USER_PATHS = NO;
				CLANG_ANALYZER_NONNULL = YES;
				CLANG_ANALYZER_NUMBER_OBJECT_CONVERSION = YES_AGGRESSIVE;
				CLANG_CXX_LANGUAGE_STANDARD = "gnu++14";
				CLANG_CXX_LIBRARY = "libc++";
				CLANG_ENABLE_MODULES = YES;
				CLANG_ENABLE_OBJC_ARC = YES;
				CLANG_ENABLE_OBJC_WEAK = YES;
				CLANG_WARN_BLOCK_CAPTURE_AUTORELEASING = YES;
				CLANG_WARN_BOOL_CONVERSION = YES;
				CLANG_WARN_COMMA = YES;
				CLANG_WARN_CONSTANT_CONVERSION = YES;
				CLANG_WARN_DEPRECATED_OBJC_IMPLEMENTATIONS = YES;
				CLANG_WARN_DIRECT_OBJC_ISA_USAGE = YES_ERROR;
				CLANG_WARN_DOCUMENTATION_COMMENTS = YES;
				CLANG_WARN_EMPTY_BODY = YES;
				CLANG_WARN_ENUM_CONVERSION = YES;
				CLANG_WARN_INFINITE_RECURSION = YES;
				CLANG_WARN_INT_CONVERSION = YES;
				CLANG_WARN_NON_LITERAL_NULL_CONVERSION = YES;
				CLANG_WARN_OBJC_IMPLICIT_RETAIN_SELF = YES;
				CLANG_WARN_OBJC_LITERAL_CONVERSION = YES;
				CLANG_WARN_OBJC_ROOT_CLASS = YES_ERROR;
				CLANG_WARN_RANGE_LOOP_ANALYSIS = YES;
				CLANG_WARN_STRICT_PROTOTYPES = YES;
				CLANG_WARN_SUSPICIOUS_MOVE = YES;
				CLANG_WARN_UNGUARDED_AVAILABILITY = YES_AGGRESSIVE;
				CLANG_WARN_UNREACHABLE_CODE = YES;
				CLANG_WARN__DUPLICATE_METHOD_MATCH = YES;
				CODE_SIGN_IDENTITY = "iPhone Developer";
				COPY_PHASE_STRIP = NO;
				DEBUG_INFORMATION_FORMAT = "dwarf-with-dsym";
				ENABLE_NS_ASSERTIONS = NO;
				ENABLE_STRICT_OBJC_MSGSEND = YES;
				GCC_C_LANGUAGE_STANDARD = gnu11;
				GCC_NO_COMMON_BLOCKS = YES;
				GCC_WARN_64_TO_32_BIT_CONVERSION = YES;
				GCC_WARN_ABOUT_RETURN_TYPE = YES_ERROR;
				GCC_WARN_UNDECLARED_SELECTOR = YES;
				GCC_WARN_UNINITIALIZED_AUTOS = YES_AGGRESSIVE;
				GCC_WARN_UNUSED_FUNCTION = YES;
				GCC_WARN_UNUSED_VARIABLE = YES;
				IPHONEOS_DEPLOYMENT_TARGET = 12.4;
				MTL_ENABLE_DEBUG_INFO = NO;
				MTL_FAST_MATH = YES;
				SDKROOT = iphoneos;
				SWIFT_COMPILATION_MODE = wholemodule;
				SWIFT_OPTIMIZATION_LEVEL = "-O";
				VALIDATE_PRODUCT = YES;
			};
			name = Release;
		};
		21BAABE62334E4BF007429CA /* Debug */ = {
			isa = XCBuildConfiguration;
			baseConfigurationReference = E3F7D2A6F54E1C61C683DA27 /* Pods-18-Todoey.debug.xcconfig */;
			buildSettings = {
				ASSETCATALOG_COMPILER_APPICON_NAME = AppIcon;
				CODE_SIGN_STYLE = Automatic;
				DEVELOPMENT_TEAM = 55PDE8HP85;
				INFOPLIST_FILE = "18-Todoey/Info.plist";
				LD_RUNPATH_SEARCH_PATHS = (
					"$(inherited)",
					"@executable_path/Frameworks",
				);
				PRODUCT_BUNDLE_IDENTIFIER = "ch.jls.stefanieneubert.-8-Todoey";
				PRODUCT_NAME = "$(TARGET_NAME)";
				SWIFT_VERSION = 5.0;
				TARGETED_DEVICE_FAMILY = "1,2";
			};
			name = Debug;
		};
		21BAABE72334E4BF007429CA /* Release */ = {
			isa = XCBuildConfiguration;
			baseConfigurationReference = 638F538945CEF120199C568A /* Pods-18-Todoey.release.xcconfig */;
			buildSettings = {
				ASSETCATALOG_COMPILER_APPICON_NAME = AppIcon;
				CODE_SIGN_STYLE = Automatic;
				DEVELOPMENT_TEAM = 55PDE8HP85;
				INFOPLIST_FILE = "18-Todoey/Info.plist";
				LD_RUNPATH_SEARCH_PATHS = (
					"$(inherited)",
					"@executable_path/Frameworks",
				);
				PRODUCT_BUNDLE_IDENTIFIER = "ch.jls.stefanieneubert.-8-Todoey";
				PRODUCT_NAME = "$(TARGET_NAME)";
				SWIFT_VERSION = 5.0;
				TARGETED_DEVICE_FAMILY = "1,2";
			};
			name = Release;
		};
/* End XCBuildConfiguration section */

/* Begin XCConfigurationList section */
		21BAABCE2334E4BF007429CA /* Build configuration list for PBXProject "18-Todoey" */ = {
			isa = XCConfigurationList;
			buildConfigurations = (
				21BAABE32334E4BF007429CA /* Debug */,
				21BAABE42334E4BF007429CA /* Release */,
			);
			defaultConfigurationIsVisible = 0;
			defaultConfigurationName = Release;
		};
		21BAABE52334E4BF007429CA /* Build configuration list for PBXNativeTarget "18-Todoey" */ = {
			isa = XCConfigurationList;
			buildConfigurations = (
				21BAABE62334E4BF007429CA /* Debug */,
				21BAABE72334E4BF007429CA /* Release */,
			);
			defaultConfigurationIsVisible = 0;
			defaultConfigurationName = Release;
		};
/* End XCConfigurationList section */
	};
	rootObject = 21BAABCB2334E4BF007429CA /* Project object */;
}
